// !$*UTF8*$!
{
	archiveVersion = 1;
	classes = {
	};
	objectVersion = 52;
	objects = {

/* Begin PBXBuildFile section */
		AA8A8945265D778D0005C3BC /* AppDelegate.swift in Sources */ = {isa = PBXBuildFile; fileRef = AA8A8944265D778D0005C3BC /* AppDelegate.swift */; };
		AA8A8947265D778D0005C3BC /* SceneDelegate.swift in Sources */ = {isa = PBXBuildFile; fileRef = AA8A8946265D778D0005C3BC /* SceneDelegate.swift */; };
		AA8A8949265D778D0005C3BC /* ViewController.swift in Sources */ = {isa = PBXBuildFile; fileRef = AA8A8948265D778D0005C3BC /* ViewController.swift */; };
		AA8A894C265D778D0005C3BC /* Main.storyboard in Resources */ = {isa = PBXBuildFile; fileRef = AA8A894A265D778D0005C3BC /* Main.storyboard */; };
		AA8A894E265D778F0005C3BC /* Assets.xcassets in Resources */ = {isa = PBXBuildFile; fileRef = AA8A894D265D778F0005C3BC /* Assets.xcassets */; };
		AA8A8951265D778F0005C3BC /* LaunchScreen.storyboard in Resources */ = {isa = PBXBuildFile; fileRef = AA8A894F265D778F0005C3BC /* LaunchScreen.storyboard */; };
		AA8A895C265D77900005C3BC /* ViewControllerSpec.swift in Sources */ = {isa = PBXBuildFile; fileRef = AA8A895B265D77900005C3BC /* ViewControllerSpec.swift */; };
		AA9F1C69265E940B00FC71E0 /* Quick in Frameworks */ = {isa = PBXBuildFile; productRef = AA9F1C68265E940B00FC71E0 /* Quick */; };
		AA9F1C6F265E943A00FC71E0 /* Nimble in Frameworks */ = {isa = PBXBuildFile; productRef = AA9F1C6E265E943A00FC71E0 /* Nimble */; };
		AA9F1C71265E944300FC71E0 /* Quick in Frameworks */ = {isa = PBXBuildFile; productRef = AA9F1C70265E944300FC71E0 /* Quick */; };
		AA9F1C73265E944700FC71E0 /* Nimble in Frameworks */ = {isa = PBXBuildFile; productRef = AA9F1C72265E944700FC71E0 /* Nimble */; };
		AA9F1C74265E97B000FC71E0 /* AppDelegate.swift in Sources */ = {isa = PBXBuildFile; fileRef = AA8A8944265D778D0005C3BC /* AppDelegate.swift */; };
		AA9F1C75265E97B100FC71E0 /* AppDelegate.swift in Sources */ = {isa = PBXBuildFile; fileRef = AA8A8944265D778D0005C3BC /* AppDelegate.swift */; };
		AA9F1C76265E97B300FC71E0 /* SceneDelegate.swift in Sources */ = {isa = PBXBuildFile; fileRef = AA8A8946265D778D0005C3BC /* SceneDelegate.swift */; };
		AA9F1C77265E97B400FC71E0 /* SceneDelegate.swift in Sources */ = {isa = PBXBuildFile; fileRef = AA8A8946265D778D0005C3BC /* SceneDelegate.swift */; };
		AA9F1C78265E97B600FC71E0 /* ViewController.swift in Sources */ = {isa = PBXBuildFile; fileRef = AA8A8948265D778D0005C3BC /* ViewController.swift */; };
		AA9F1C79265E97B700FC71E0 /* ViewController.swift in Sources */ = {isa = PBXBuildFile; fileRef = AA8A8948265D778D0005C3BC /* ViewController.swift */; };
		AA9F1C7A265E97BA00FC71E0 /* Main.storyboard in Resources */ = {isa = PBXBuildFile; fileRef = AA8A894A265D778D0005C3BC /* Main.storyboard */; };
		AA9F1C7B265E97BB00FC71E0 /* Main.storyboard in Resources */ = {isa = PBXBuildFile; fileRef = AA8A894A265D778D0005C3BC /* Main.storyboard */; };
		AA9F1C7C265E97C000FC71E0 /* Assets.xcassets in Resources */ = {isa = PBXBuildFile; fileRef = AA8A894D265D778F0005C3BC /* Assets.xcassets */; };
		AA9F1C7D265E97C000FC71E0 /* Assets.xcassets in Resources */ = {isa = PBXBuildFile; fileRef = AA8A894D265D778F0005C3BC /* Assets.xcassets */; };
		AA9F1C7E265E97C300FC71E0 /* LaunchScreen.storyboard in Resources */ = {isa = PBXBuildFile; fileRef = AA8A894F265D778F0005C3BC /* LaunchScreen.storyboard */; };
		AA9F1C7F265E97C300FC71E0 /* LaunchScreen.storyboard in Resources */ = {isa = PBXBuildFile; fileRef = AA8A894F265D778F0005C3BC /* LaunchScreen.storyboard */; };
		AA9F1CC82661861D00FC71E0 /* ModelsSpec.swift in Sources */ = {isa = PBXBuildFile; fileRef = AA9F1CC72661861D00FC71E0 /* ModelsSpec.swift */; };
		AAD1ADEA266189870035EB67 /* GuildedRoseLLCUISpec.swift in Sources */ = {isa = PBXBuildFile; fileRef = AAD1ADE9266189870035EB67 /* GuildedRoseLLCUISpec.swift */; };
/* End PBXBuildFile section */

/* Begin PBXContainerItemProxy section */
		AA8A8958265D77900005C3BC /* PBXContainerItemProxy */ = {
			isa = PBXContainerItemProxy;
			containerPortal = AA8A8939265D778D0005C3BC /* Project object */;
			proxyType = 1;
			remoteGlobalIDString = AA8A8940265D778D0005C3BC;
			remoteInfo = GuildedRoseLLC;
		};
		AA8A8963265D77900005C3BC /* PBXContainerItemProxy */ = {
			isa = PBXContainerItemProxy;
			containerPortal = AA8A8939265D778D0005C3BC /* Project object */;
			proxyType = 1;
			remoteGlobalIDString = AA8A8940265D778D0005C3BC;
			remoteInfo = GuildedRoseLLC;
		};
		AA9F1CCA2661861D00FC71E0 /* PBXContainerItemProxy */ = {
			isa = PBXContainerItemProxy;
			containerPortal = AA8A8939265D778D0005C3BC /* Project object */;
			proxyType = 1;
			remoteGlobalIDString = AA8A8940265D778D0005C3BC;
			remoteInfo = GuildedRoseLLC;
		};
/* End PBXContainerItemProxy section */

/* Begin PBXFileReference section */
		AA8A8941265D778D0005C3BC /* GuildedRoseLLC.app */ = {isa = PBXFileReference; explicitFileType = wrapper.application; includeInIndex = 0; path = GuildedRoseLLC.app; sourceTree = BUILT_PRODUCTS_DIR; };
		AA8A8944265D778D0005C3BC /* AppDelegate.swift */ = {isa = PBXFileReference; lastKnownFileType = sourcecode.swift; path = AppDelegate.swift; sourceTree = "<group>"; };
		AA8A8946265D778D0005C3BC /* SceneDelegate.swift */ = {isa = PBXFileReference; lastKnownFileType = sourcecode.swift; path = SceneDelegate.swift; sourceTree = "<group>"; };
		AA8A8948265D778D0005C3BC /* ViewController.swift */ = {isa = PBXFileReference; lastKnownFileType = sourcecode.swift; path = ViewController.swift; sourceTree = "<group>"; };
		AA8A894B265D778D0005C3BC /* Base */ = {isa = PBXFileReference; lastKnownFileType = file.storyboard; name = Base; path = Base.lproj/Main.storyboard; sourceTree = "<group>"; };
		AA8A894D265D778F0005C3BC /* Assets.xcassets */ = {isa = PBXFileReference; lastKnownFileType = folder.assetcatalog; path = Assets.xcassets; sourceTree = "<group>"; };
		AA8A8950265D778F0005C3BC /* Base */ = {isa = PBXFileReference; lastKnownFileType = file.storyboard; name = Base; path = Base.lproj/LaunchScreen.storyboard; sourceTree = "<group>"; };
		AA8A8952265D778F0005C3BC /* Info.plist */ = {isa = PBXFileReference; lastKnownFileType = text.plist.xml; path = Info.plist; sourceTree = "<group>"; };
		AA8A8957265D77900005C3BC /* GuildedRoseLLCSpec.xctest */ = {isa = PBXFileReference; explicitFileType = wrapper.cfbundle; includeInIndex = 0; path = GuildedRoseLLCSpec.xctest; sourceTree = BUILT_PRODUCTS_DIR; };
		AA8A895B265D77900005C3BC /* ViewControllerSpec.swift */ = {isa = PBXFileReference; lastKnownFileType = sourcecode.swift; path = ViewControllerSpec.swift; sourceTree = "<group>"; };
		AA8A895D265D77900005C3BC /* Info.plist */ = {isa = PBXFileReference; lastKnownFileType = text.plist.xml; path = Info.plist; sourceTree = "<group>"; };
		AA8A8962265D77900005C3BC /* GuildedRoseLLCUISpec.xctest */ = {isa = PBXFileReference; explicitFileType = wrapper.cfbundle; includeInIndex = 0; path = GuildedRoseLLCUISpec.xctest; sourceTree = BUILT_PRODUCTS_DIR; };
		AA8A8968265D77900005C3BC /* Info.plist */ = {isa = PBXFileReference; lastKnownFileType = text.plist.xml; path = Info.plist; sourceTree = "<group>"; };
		AA9F1CC52661861D00FC71E0 /* ModelsSpec.xctest */ = {isa = PBXFileReference; explicitFileType = wrapper.cfbundle; includeInIndex = 0; path = ModelsSpec.xctest; sourceTree = BUILT_PRODUCTS_DIR; };
		AA9F1CC72661861D00FC71E0 /* ModelsSpec.swift */ = {isa = PBXFileReference; lastKnownFileType = sourcecode.swift; path = ModelsSpec.swift; sourceTree = "<group>"; };
		AA9F1CC92661861D00FC71E0 /* Info.plist */ = {isa = PBXFileReference; lastKnownFileType = text.plist.xml; path = Info.plist; sourceTree = "<group>"; };
		AAD1ADE9266189870035EB67 /* GuildedRoseLLCUISpec.swift */ = {isa = PBXFileReference; fileEncoding = 4; lastKnownFileType = sourcecode.swift; path = GuildedRoseLLCUISpec.swift; sourceTree = "<group>"; };
/* End PBXFileReference section */

/* Begin PBXFrameworksBuildPhase section */
		AA8A893E265D778D0005C3BC /* Frameworks */ = {
			isa = PBXFrameworksBuildPhase;
			buildActionMask = 2147483647;
			files = (
			);
			runOnlyForDeploymentPostprocessing = 0;
		};
		AA8A8954265D77900005C3BC /* Frameworks */ = {
			isa = PBXFrameworksBuildPhase;
			buildActionMask = 2147483647;
			files = (
				AA9F1C69265E940B00FC71E0 /* Quick in Frameworks */,
				AA9F1C6F265E943A00FC71E0 /* Nimble in Frameworks */,
			);
			runOnlyForDeploymentPostprocessing = 0;
		};
		AA8A895F265D77900005C3BC /* Frameworks */ = {
			isa = PBXFrameworksBuildPhase;
			buildActionMask = 2147483647;
			files = (
				AA9F1C71265E944300FC71E0 /* Quick in Frameworks */,
				AA9F1C73265E944700FC71E0 /* Nimble in Frameworks */,
			);
			runOnlyForDeploymentPostprocessing = 0;
		};
		AA9F1CC22661861D00FC71E0 /* Frameworks */ = {
			isa = PBXFrameworksBuildPhase;
			buildActionMask = 2147483647;
			files = (
			);
			runOnlyForDeploymentPostprocessing = 0;
		};
/* End PBXFrameworksBuildPhase section */

/* Begin PBXGroup section */
		AA8A8938265D778D0005C3BC = {
			isa = PBXGroup;
			children = (
				AA8A8943265D778D0005C3BC /* GuildedRoseLLC */,
				AA8A895A265D77900005C3BC /* GuildedRoseLLCSpec */,
				AA8A8965265D77900005C3BC /* GuildedRoseLLCUISpec */,
				AA9F1CC62661861D00FC71E0 /* ModelsSpec */,
				AA8A8942265D778D0005C3BC /* Products */,
				AA9F1C6D265E943A00FC71E0 /* Frameworks */,
			);
			sourceTree = "<group>";
		};
		AA8A8942265D778D0005C3BC /* Products */ = {
			isa = PBXGroup;
			children = (
				AA8A8941265D778D0005C3BC /* GuildedRoseLLC.app */,
				AA8A8957265D77900005C3BC /* GuildedRoseLLCSpec.xctest */,
				AA8A8962265D77900005C3BC /* GuildedRoseLLCUISpec.xctest */,
				AA9F1CC52661861D00FC71E0 /* ModelsSpec.xctest */,
			);
			name = Products;
			sourceTree = "<group>";
		};
		AA8A8943265D778D0005C3BC /* GuildedRoseLLC */ = {
			isa = PBXGroup;
			children = (
				AA9F1CC0266185BB00FC71E0 /* Models */,
				AA8A8944265D778D0005C3BC /* AppDelegate.swift */,
				AA8A8946265D778D0005C3BC /* SceneDelegate.swift */,
				AA8A8948265D778D0005C3BC /* ViewController.swift */,
				AA8A894A265D778D0005C3BC /* Main.storyboard */,
				AA8A894D265D778F0005C3BC /* Assets.xcassets */,
				AA8A894F265D778F0005C3BC /* LaunchScreen.storyboard */,
				AA8A8952265D778F0005C3BC /* Info.plist */,
			);
			path = GuildedRoseLLC;
			sourceTree = "<group>";
		};
		AA8A895A265D77900005C3BC /* GuildedRoseLLCSpec */ = {
			isa = PBXGroup;
			children = (
				AA8A895B265D77900005C3BC /* ViewControllerSpec.swift */,
				AA8A895D265D77900005C3BC /* Info.plist */,
			);
			path = GuildedRoseLLCSpec;
			sourceTree = "<group>";
		};
		AA8A8965265D77900005C3BC /* GuildedRoseLLCUISpec */ = {
			isa = PBXGroup;
			children = (
				AAD1ADE9266189870035EB67 /* GuildedRoseLLCUISpec.swift */,
				AA8A8968265D77900005C3BC /* Info.plist */,
			);
			path = GuildedRoseLLCUISpec;
			sourceTree = "<group>";
		};
		AA9F1C6D265E943A00FC71E0 /* Frameworks */ = {
			isa = PBXGroup;
			children = (
			);
			name = Frameworks;
			sourceTree = "<group>";
		};
		AA9F1CC0266185BB00FC71E0 /* Models */ = {
			isa = PBXGroup;
			children = (
			);
			path = Models;
			sourceTree = "<group>";
		};
		AA9F1CC62661861D00FC71E0 /* ModelsSpec */ = {
			isa = PBXGroup;
			children = (
				AA9F1CC72661861D00FC71E0 /* ModelsSpec.swift */,
				AA9F1CC92661861D00FC71E0 /* Info.plist */,
			);
			path = ModelsSpec;
			sourceTree = "<group>";
		};
/* End PBXGroup section */

/* Begin PBXNativeTarget section */
		AA8A8940265D778D0005C3BC /* GuildedRoseLLC */ = {
			isa = PBXNativeTarget;
			buildConfigurationList = AA8A896B265D77900005C3BC /* Build configuration list for PBXNativeTarget "GuildedRoseLLC" */;
			buildPhases = (
				AA8A893D265D778D0005C3BC /* Sources */,
				AA8A893E265D778D0005C3BC /* Frameworks */,
				AA8A893F265D778D0005C3BC /* Resources */,
			);
			buildRules = (
			);
			dependencies = (
			);
			name = GuildedRoseLLC;
			packageProductDependencies = (
			);
			productName = GuildedRoseLLC;
			productReference = AA8A8941265D778D0005C3BC /* GuildedRoseLLC.app */;
			productType = "com.apple.product-type.application";
		};
		AA8A8956265D77900005C3BC /* GuildedRoseLLCSpec */ = {
			isa = PBXNativeTarget;
			buildConfigurationList = AA8A896E265D77900005C3BC /* Build configuration list for PBXNativeTarget "GuildedRoseLLCSpec" */;
			buildPhases = (
				AA8A8953265D77900005C3BC /* Sources */,
				AA8A8954265D77900005C3BC /* Frameworks */,
				AA8A8955265D77900005C3BC /* Resources */,
			);
			buildRules = (
			);
			dependencies = (
				AA8A8959265D77900005C3BC /* PBXTargetDependency */,
			);
			name = GuildedRoseLLCSpec;
			packageProductDependencies = (
				AA9F1C68265E940B00FC71E0 /* Quick */,
				AA9F1C6E265E943A00FC71E0 /* Nimble */,
			);
			productName = GuildedRoseLLCSpec;
			productReference = AA8A8957265D77900005C3BC /* GuildedRoseLLCSpec.xctest */;
			productType = "com.apple.product-type.bundle.unit-test";
		};
		AA8A8961265D77900005C3BC /* GuildedRoseLLCUISpec */ = {
			isa = PBXNativeTarget;
			buildConfigurationList = AA8A8971265D77900005C3BC /* Build configuration list for PBXNativeTarget "GuildedRoseLLCUISpec" */;
			buildPhases = (
				AA8A895E265D77900005C3BC /* Sources */,
				AA8A895F265D77900005C3BC /* Frameworks */,
				AA8A8960265D77900005C3BC /* Resources */,
			);
			buildRules = (
			);
			dependencies = (
				AA8A8964265D77900005C3BC /* PBXTargetDependency */,
			);
			name = GuildedRoseLLCUISpec;
			packageProductDependencies = (
				AA9F1C70265E944300FC71E0 /* Quick */,
				AA9F1C72265E944700FC71E0 /* Nimble */,
			);
			productName = GuildedRoseLLCUISpec;
			productReference = AA8A8962265D77900005C3BC /* GuildedRoseLLCUISpec.xctest */;
			productType = "com.apple.product-type.bundle.ui-testing";
		};
		AA9F1CC42661861D00FC71E0 /* ModelsSpec */ = {
			isa = PBXNativeTarget;
			buildConfigurationList = AA9F1CCC2661861D00FC71E0 /* Build configuration list for PBXNativeTarget "ModelsSpec" */;
			buildPhases = (
				AA9F1CC12661861D00FC71E0 /* Sources */,
				AA9F1CC22661861D00FC71E0 /* Frameworks */,
				AA9F1CC32661861D00FC71E0 /* Resources */,
			);
			buildRules = (
			);
			dependencies = (
				AA9F1CCB2661861D00FC71E0 /* PBXTargetDependency */,
			);
			name = ModelsSpec;
			productName = ModelsSpec;
			productReference = AA9F1CC52661861D00FC71E0 /* ModelsSpec.xctest */;
			productType = "com.apple.product-type.bundle.unit-test";
		};
/* End PBXNativeTarget section */

/* Begin PBXProject section */
		AA8A8939265D778D0005C3BC /* Project object */ = {
			isa = PBXProject;
			attributes = {
				LastSwiftUpdateCheck = 1250;
				LastUpgradeCheck = 1250;
				TargetAttributes = {
					AA8A8940265D778D0005C3BC = {
						CreatedOnToolsVersion = 12.5;
					};
					AA8A8956265D77900005C3BC = {
						CreatedOnToolsVersion = 12.5;
						TestTargetID = AA8A8940265D778D0005C3BC;
					};
					AA8A8961265D77900005C3BC = {
						CreatedOnToolsVersion = 12.5;
						TestTargetID = AA8A8940265D778D0005C3BC;
					};
					AA9F1CC42661861D00FC71E0 = {
						CreatedOnToolsVersion = 12.5;
						TestTargetID = AA8A8940265D778D0005C3BC;
					};
				};
			};
			buildConfigurationList = AA8A893C265D778D0005C3BC /* Build configuration list for PBXProject "GuildedRoseLLC" */;
			compatibilityVersion = "Xcode 9.3";
			developmentRegion = en;
			hasScannedForEncodings = 0;
			knownRegions = (
				en,
				Base,
			);
			mainGroup = AA8A8938265D778D0005C3BC;
			packageReferences = (
				AA9F1C67265E940B00FC71E0 /* XCRemoteSwiftPackageReference "Quick" */,
				AA9F1C6A265E941F00FC71E0 /* XCRemoteSwiftPackageReference "Nimble" */,
			);
			productRefGroup = AA8A8942265D778D0005C3BC /* Products */;
			projectDirPath = "";
			projectRoot = "";
			targets = (
				AA8A8940265D778D0005C3BC /* GuildedRoseLLC */,
				AA8A8956265D77900005C3BC /* GuildedRoseLLCSpec */,
				AA8A8961265D77900005C3BC /* GuildedRoseLLCUISpec */,
				AA9F1CC42661861D00FC71E0 /* ModelsSpec */,
			);
		};
/* End PBXProject section */

/* Begin PBXResourcesBuildPhase section */
		AA8A893F265D778D0005C3BC /* Resources */ = {
			isa = PBXResourcesBuildPhase;
			buildActionMask = 2147483647;
			files = (
				AA8A8951265D778F0005C3BC /* LaunchScreen.storyboard in Resources */,
				AA8A894E265D778F0005C3BC /* Assets.xcassets in Resources */,
				AA8A894C265D778D0005C3BC /* Main.storyboard in Resources */,
			);
			runOnlyForDeploymentPostprocessing = 0;
		};
		AA8A8955265D77900005C3BC /* Resources */ = {
			isa = PBXResourcesBuildPhase;
			buildActionMask = 2147483647;
			files = (
				AA9F1C7E265E97C300FC71E0 /* LaunchScreen.storyboard in Resources */,
				AA9F1C7C265E97C000FC71E0 /* Assets.xcassets in Resources */,
				AA9F1C7A265E97BA00FC71E0 /* Main.storyboard in Resources */,
			);
			runOnlyForDeploymentPostprocessing = 0;
		};
		AA8A8960265D77900005C3BC /* Resources */ = {
			isa = PBXResourcesBuildPhase;
			buildActionMask = 2147483647;
			files = (
				AA9F1C7F265E97C300FC71E0 /* LaunchScreen.storyboard in Resources */,
				AA9F1C7D265E97C000FC71E0 /* Assets.xcassets in Resources */,
				AA9F1C7B265E97BB00FC71E0 /* Main.storyboard in Resources */,
			);
			runOnlyForDeploymentPostprocessing = 0;
		};
		AA9F1CC32661861D00FC71E0 /* Resources */ = {
			isa = PBXResourcesBuildPhase;
			buildActionMask = 2147483647;
			files = (
			);
			runOnlyForDeploymentPostprocessing = 0;
		};
/* End PBXResourcesBuildPhase section */

/* Begin PBXSourcesBuildPhase section */
		AA8A893D265D778D0005C3BC /* Sources */ = {
			isa = PBXSourcesBuildPhase;
			buildActionMask = 2147483647;
			files = (
				AA8A8949265D778D0005C3BC /* ViewController.swift in Sources */,
				AA8A8945265D778D0005C3BC /* AppDelegate.swift in Sources */,
				AA8A8947265D778D0005C3BC /* SceneDelegate.swift in Sources */,
			);
			runOnlyForDeploymentPostprocessing = 0;
		};
		AA8A8953265D77900005C3BC /* Sources */ = {
			isa = PBXSourcesBuildPhase;
			buildActionMask = 2147483647;
			files = (
				AA9F1C74265E97B000FC71E0 /* AppDelegate.swift in Sources */,
				AA8A895C265D77900005C3BC /* ViewControllerSpec.swift in Sources */,
				AA9F1C78265E97B600FC71E0 /* ViewController.swift in Sources */,
				AA9F1C76265E97B300FC71E0 /* SceneDelegate.swift in Sources */,
			);
			runOnlyForDeploymentPostprocessing = 0;
		};
		AA8A895E265D77900005C3BC /* Sources */ = {
			isa = PBXSourcesBuildPhase;
			buildActionMask = 2147483647;
			files = (
				AAD1ADEA266189870035EB67 /* GuildedRoseLLCUISpec.swift in Sources */,
				AA9F1C75265E97B100FC71E0 /* AppDelegate.swift in Sources */,
				AA9F1C79265E97B700FC71E0 /* ViewController.swift in Sources */,
				AA9F1C77265E97B400FC71E0 /* SceneDelegate.swift in Sources */,
			);
			runOnlyForDeploymentPostprocessing = 0;
		};
		AA9F1CC12661861D00FC71E0 /* Sources */ = {
			isa = PBXSourcesBuildPhase;
			buildActionMask = 2147483647;
			files = (
				AA9F1CC82661861D00FC71E0 /* ModelsSpec.swift in Sources */,
			);
			runOnlyForDeploymentPostprocessing = 0;
		};
/* End PBXSourcesBuildPhase section */

/* Begin PBXTargetDependency section */
		AA8A8959265D77900005C3BC /* PBXTargetDependency */ = {
			isa = PBXTargetDependency;
			target = AA8A8940265D778D0005C3BC /* GuildedRoseLLC */;
			targetProxy = AA8A8958265D77900005C3BC /* PBXContainerItemProxy */;
		};
		AA8A8964265D77900005C3BC /* PBXTargetDependency */ = {
			isa = PBXTargetDependency;
			target = AA8A8940265D778D0005C3BC /* GuildedRoseLLC */;
			targetProxy = AA8A8963265D77900005C3BC /* PBXContainerItemProxy */;
		};
		AA9F1CCB2661861D00FC71E0 /* PBXTargetDependency */ = {
			isa = PBXTargetDependency;
			target = AA8A8940265D778D0005C3BC /* GuildedRoseLLC */;
			targetProxy = AA9F1CCA2661861D00FC71E0 /* PBXContainerItemProxy */;
		};
/* End PBXTargetDependency section */

/* Begin PBXVariantGroup section */
		AA8A894A265D778D0005C3BC /* Main.storyboard */ = {
			isa = PBXVariantGroup;
			children = (
				AA8A894B265D778D0005C3BC /* Base */,
			);
			name = Main.storyboard;
			sourceTree = "<group>";
		};
		AA8A894F265D778F0005C3BC /* LaunchScreen.storyboard */ = {
			isa = PBXVariantGroup;
			children = (
				AA8A8950265D778F0005C3BC /* Base */,
			);
			name = LaunchScreen.storyboard;
			sourceTree = "<group>";
		};
/* End PBXVariantGroup section */

/* Begin XCBuildConfiguration section */
		AA8A8969265D77900005C3BC /* Debug */ = {
			isa = XCBuildConfiguration;
			buildSettings = {
				ALWAYS_SEARCH_USER_PATHS = NO;
				CLANG_ANALYZER_NONNULL = YES;
				CLANG_ANALYZER_NUMBER_OBJECT_CONVERSION = YES_AGGRESSIVE;
				CLANG_CXX_LANGUAGE_STANDARD = "gnu++14";
				CLANG_CXX_LIBRARY = "libc++";
				CLANG_ENABLE_MODULES = YES;
				CLANG_ENABLE_OBJC_ARC = YES;
				CLANG_ENABLE_OBJC_WEAK = YES;
				CLANG_WARN_BLOCK_CAPTURE_AUTORELEASING = YES;
				CLANG_WARN_BOOL_CONVERSION = YES;
				CLANG_WARN_COMMA = YES;
				CLANG_WARN_CONSTANT_CONVERSION = YES;
				CLANG_WARN_DEPRECATED_OBJC_IMPLEMENTATIONS = YES;
				CLANG_WARN_DIRECT_OBJC_ISA_USAGE = YES_ERROR;
				CLANG_WARN_DOCUMENTATION_COMMENTS = YES;
				CLANG_WARN_EMPTY_BODY = YES;
				CLANG_WARN_ENUM_CONVERSION = YES;
				CLANG_WARN_INFINITE_RECURSION = YES;
				CLANG_WARN_INT_CONVERSION = YES;
				CLANG_WARN_NON_LITERAL_NULL_CONVERSION = YES;
				CLANG_WARN_OBJC_IMPLICIT_RETAIN_SELF = YES;
				CLANG_WARN_OBJC_LITERAL_CONVERSION = YES;
				CLANG_WARN_OBJC_ROOT_CLASS = YES_ERROR;
				CLANG_WARN_QUOTED_INCLUDE_IN_FRAMEWORK_HEADER = YES;
				CLANG_WARN_RANGE_LOOP_ANALYSIS = YES;
				CLANG_WARN_STRICT_PROTOTYPES = YES;
				CLANG_WARN_SUSPICIOUS_MOVE = YES;
				CLANG_WARN_UNGUARDED_AVAILABILITY = YES_AGGRESSIVE;
				CLANG_WARN_UNREACHABLE_CODE = YES;
				CLANG_WARN__DUPLICATE_METHOD_MATCH = YES;
				COPY_PHASE_STRIP = NO;
				DEBUG_INFORMATION_FORMAT = dwarf;
				ENABLE_STRICT_OBJC_MSGSEND = YES;
				ENABLE_TESTABILITY = YES;
				GCC_C_LANGUAGE_STANDARD = gnu11;
				GCC_DYNAMIC_NO_PIC = NO;
				GCC_NO_COMMON_BLOCKS = YES;
				GCC_OPTIMIZATION_LEVEL = 0;
				GCC_PREPROCESSOR_DEFINITIONS = (
					"DEBUG=1",
					"$(inherited)",
				);
				GCC_WARN_64_TO_32_BIT_CONVERSION = YES;
				GCC_WARN_ABOUT_RETURN_TYPE = YES_ERROR;
				GCC_WARN_UNDECLARED_SELECTOR = YES;
				GCC_WARN_UNINITIALIZED_AUTOS = YES_AGGRESSIVE;
				GCC_WARN_UNUSED_FUNCTION = YES;
				GCC_WARN_UNUSED_VARIABLE = YES;
				IPHONEOS_DEPLOYMENT_TARGET = 14.5;
				MTL_ENABLE_DEBUG_INFO = INCLUDE_SOURCE;
				MTL_FAST_MATH = YES;
				ONLY_ACTIVE_ARCH = YES;
				SDKROOT = iphoneos;
				SWIFT_ACTIVE_COMPILATION_CONDITIONS = DEBUG;
				SWIFT_OPTIMIZATION_LEVEL = "-Onone";
			};
			name = Debug;
		};
		AA8A896A265D77900005C3BC /* Release */ = {
			isa = XCBuildConfiguration;
			buildSettings = {
				ALWAYS_SEARCH_USER_PATHS = NO;
				CLANG_ANALYZER_NONNULL = YES;
				CLANG_ANALYZER_NUMBER_OBJECT_CONVERSION = YES_AGGRESSIVE;
				CLANG_CXX_LANGUAGE_STANDARD = "gnu++14";
				CLANG_CXX_LIBRARY = "libc++";
				CLANG_ENABLE_MODULES = YES;
				CLANG_ENABLE_OBJC_ARC = YES;
				CLANG_ENABLE_OBJC_WEAK = YES;
				CLANG_WARN_BLOCK_CAPTURE_AUTORELEASING = YES;
				CLANG_WARN_BOOL_CONVERSION = YES;
				CLANG_WARN_COMMA = YES;
				CLANG_WARN_CONSTANT_CONVERSION = YES;
				CLANG_WARN_DEPRECATED_OBJC_IMPLEMENTATIONS = YES;
				CLANG_WARN_DIRECT_OBJC_ISA_USAGE = YES_ERROR;
				CLANG_WARN_DOCUMENTATION_COMMENTS = YES;
				CLANG_WARN_EMPTY_BODY = YES;
				CLANG_WARN_ENUM_CONVERSION = YES;
				CLANG_WARN_INFINITE_RECURSION = YES;
				CLANG_WARN_INT_CONVERSION = YES;
				CLANG_WARN_NON_LITERAL_NULL_CONVERSION = YES;
				CLANG_WARN_OBJC_IMPLICIT_RETAIN_SELF = YES;
				CLANG_WARN_OBJC_LITERAL_CONVERSION = YES;
				CLANG_WARN_OBJC_ROOT_CLASS = YES_ERROR;
				CLANG_WARN_QUOTED_INCLUDE_IN_FRAMEWORK_HEADER = YES;
				CLANG_WARN_RANGE_LOOP_ANALYSIS = YES;
				CLANG_WARN_STRICT_PROTOTYPES = YES;
				CLANG_WARN_SUSPICIOUS_MOVE = YES;
				CLANG_WARN_UNGUARDED_AVAILABILITY = YES_AGGRESSIVE;
				CLANG_WARN_UNREACHABLE_CODE = YES;
				CLANG_WARN__DUPLICATE_METHOD_MATCH = YES;
				COPY_PHASE_STRIP = NO;
				DEBUG_INFORMATION_FORMAT = "dwarf-with-dsym";
				ENABLE_NS_ASSERTIONS = NO;
				ENABLE_STRICT_OBJC_MSGSEND = YES;
				GCC_C_LANGUAGE_STANDARD = gnu11;
				GCC_NO_COMMON_BLOCKS = YES;
				GCC_WARN_64_TO_32_BIT_CONVERSION = YES;
				GCC_WARN_ABOUT_RETURN_TYPE = YES_ERROR;
				GCC_WARN_UNDECLARED_SELECTOR = YES;
				GCC_WARN_UNINITIALIZED_AUTOS = YES_AGGRESSIVE;
				GCC_WARN_UNUSED_FUNCTION = YES;
				GCC_WARN_UNUSED_VARIABLE = YES;
				IPHONEOS_DEPLOYMENT_TARGET = 14.5;
				MTL_ENABLE_DEBUG_INFO = NO;
				MTL_FAST_MATH = YES;
				SDKROOT = iphoneos;
				SWIFT_COMPILATION_MODE = wholemodule;
				SWIFT_OPTIMIZATION_LEVEL = "-O";
				VALIDATE_PRODUCT = YES;
			};
			name = Release;
		};
		AA8A896C265D77900005C3BC /* Debug */ = {
			isa = XCBuildConfiguration;
			buildSettings = {
				ASSETCATALOG_COMPILER_APPICON_NAME = AppIcon;
				ASSETCATALOG_COMPILER_GLOBAL_ACCENT_COLOR_NAME = AccentColor;
				CODE_SIGN_STYLE = Automatic;
				INFOPLIST_FILE = GuildedRoseLLC/Info.plist;
				LD_RUNPATH_SEARCH_PATHS = (
					"$(inherited)",
					"@executable_path/Frameworks",
				);
				PRODUCT_BUNDLE_IDENTIFIER = com.ethan.GuildedRoseLLC;
				PRODUCT_NAME = "$(TARGET_NAME)";
				SWIFT_VERSION = 5.0;
				TARGETED_DEVICE_FAMILY = "1,2";
			};
			name = Debug;
		};
		AA8A896D265D77900005C3BC /* Release */ = {
			isa = XCBuildConfiguration;
			buildSettings = {
				ASSETCATALOG_COMPILER_APPICON_NAME = AppIcon;
				ASSETCATALOG_COMPILER_GLOBAL_ACCENT_COLOR_NAME = AccentColor;
				CODE_SIGN_STYLE = Automatic;
				INFOPLIST_FILE = GuildedRoseLLC/Info.plist;
				LD_RUNPATH_SEARCH_PATHS = (
					"$(inherited)",
					"@executable_path/Frameworks",
				);
				PRODUCT_BUNDLE_IDENTIFIER = com.ethan.GuildedRoseLLC;
				PRODUCT_NAME = "$(TARGET_NAME)";
				SWIFT_VERSION = 5.0;
				TARGETED_DEVICE_FAMILY = "1,2";
			};
			name = Release;
		};
		AA8A896F265D77900005C3BC /* Debug */ = {
			isa = XCBuildConfiguration;
			buildSettings = {
				ALWAYS_EMBED_SWIFT_STANDARD_LIBRARIES = YES;
				BUNDLE_LOADER = "$(TEST_HOST)";
				CODE_SIGN_STYLE = Automatic;
				INFOPLIST_FILE = GuildedRoseLLCSpec/Info.plist;
				IPHONEOS_DEPLOYMENT_TARGET = 14.5;
				LD_RUNPATH_SEARCH_PATHS = (
					"$(inherited)",
					"@executable_path/Frameworks",
					"@loader_path/Frameworks",
				);
				PRODUCT_BUNDLE_IDENTIFIER = com.ethan.GuildedRoseLLCSpec;
				PRODUCT_NAME = "$(TARGET_NAME)";
				SWIFT_VERSION = 5.0;
				TARGETED_DEVICE_FAMILY = "1,2";
				TEST_HOST = "$(BUILT_PRODUCTS_DIR)/GuildedRoseLLC.app/GuildedRoseLLC";
			};
			name = Debug;
		};
		AA8A8970265D77900005C3BC /* Release */ = {
			isa = XCBuildConfiguration;
			buildSettings = {
				ALWAYS_EMBED_SWIFT_STANDARD_LIBRARIES = YES;
				BUNDLE_LOADER = "$(TEST_HOST)";
				CODE_SIGN_STYLE = Automatic;
				INFOPLIST_FILE = GuildedRoseLLCSpec/Info.plist;
				IPHONEOS_DEPLOYMENT_TARGET = 14.5;
				LD_RUNPATH_SEARCH_PATHS = (
					"$(inherited)",
					"@executable_path/Frameworks",
					"@loader_path/Frameworks",
				);
				PRODUCT_BUNDLE_IDENTIFIER = com.ethan.GuildedRoseLLCSpec;
				PRODUCT_NAME = "$(TARGET_NAME)";
				SWIFT_VERSION = 5.0;
				TARGETED_DEVICE_FAMILY = "1,2";
				TEST_HOST = "$(BUILT_PRODUCTS_DIR)/GuildedRoseLLC.app/GuildedRoseLLC";
			};
			name = Release;
		};
		AA8A8972265D77900005C3BC /* Debug */ = {
			isa = XCBuildConfiguration;
			buildSettings = {
				ALWAYS_EMBED_SWIFT_STANDARD_LIBRARIES = YES;
				CODE_SIGN_STYLE = Automatic;
				INFOPLIST_FILE = GuildedRoseLLCUISpec/Info.plist;
				LD_RUNPATH_SEARCH_PATHS = (
					"$(inherited)",
					"@executable_path/Frameworks",
					"@loader_path/Frameworks",
				);
				PRODUCT_BUNDLE_IDENTIFIER = com.ethan.GuildedRoseLLCUISpec;
				PRODUCT_NAME = "$(TARGET_NAME)";
				SWIFT_VERSION = 5.0;
				TARGETED_DEVICE_FAMILY = "1,2";
				TEST_TARGET_NAME = GuildedRoseLLC;
			};
			name = Debug;
		};
		AA8A8973265D77900005C3BC /* Release */ = {
			isa = XCBuildConfiguration;
			buildSettings = {
				ALWAYS_EMBED_SWIFT_STANDARD_LIBRARIES = YES;
				CODE_SIGN_STYLE = Automatic;
				INFOPLIST_FILE = GuildedRoseLLCUISpec/Info.plist;
				LD_RUNPATH_SEARCH_PATHS = (
					"$(inherited)",
					"@executable_path/Frameworks",
					"@loader_path/Frameworks",
				);
				PRODUCT_BUNDLE_IDENTIFIER = com.ethan.GuildedRoseLLCUISpec;
				PRODUCT_NAME = "$(TARGET_NAME)";
				SWIFT_VERSION = 5.0;
				TARGETED_DEVICE_FAMILY = "1,2";
				TEST_TARGET_NAME = GuildedRoseLLC;
			};
			name = Release;
		};
		AA9F1CCD2661861D00FC71E0 /* Debug */ = {
			isa = XCBuildConfiguration;
			buildSettings = {
				BUNDLE_LOADER = "$(TEST_HOST)";
				CODE_SIGN_STYLE = Automatic;
				INFOPLIST_FILE = ModelsSpec/Info.plist;
				LD_RUNPATH_SEARCH_PATHS = (
					"$(inherited)",
					"@executable_path/Frameworks",
					"@loader_path/Frameworks",
				);
				PRODUCT_BUNDLE_IDENTIFIER = com.ethan.ModelsSpec;
				PRODUCT_NAME = "$(TARGET_NAME)";
				SWIFT_VERSION = 5.0;
				TARGETED_DEVICE_FAMILY = "1,2";
				TEST_HOST = "$(BUILT_PRODUCTS_DIR)/GuildedRoseLLC.app/GuildedRoseLLC";
			};
			name = Debug;
		};
		AA9F1CCE2661861D00FC71E0 /* Release */ = {
			isa = XCBuildConfiguration;
			buildSettings = {
				BUNDLE_LOADER = "$(TEST_HOST)";
				CODE_SIGN_STYLE = Automatic;
				INFOPLIST_FILE = ModelsSpec/Info.plist;
				LD_RUNPATH_SEARCH_PATHS = (
					"$(inherited)",
					"@executable_path/Frameworks",
					"@loader_path/Frameworks",
				);
				PRODUCT_BUNDLE_IDENTIFIER = com.ethan.ModelsSpec;
				PRODUCT_NAME = "$(TARGET_NAME)";
				SWIFT_VERSION = 5.0;
				TARGETED_DEVICE_FAMILY = "1,2";
				TEST_HOST = "$(BUILT_PRODUCTS_DIR)/GuildedRoseLLC.app/GuildedRoseLLC";
			};
			name = Release;
		};
/* End XCBuildConfiguration section */

/* Begin XCConfigurationList section */
		AA8A893C265D778D0005C3BC /* Build configuration list for PBXProject "GuildedRoseLLC" */ = {
			isa = XCConfigurationList;
			buildConfigurations = (
				AA8A8969265D77900005C3BC /* Debug */,
				AA8A896A265D77900005C3BC /* Release */,
			);
			defaultConfigurationIsVisible = 0;
			defaultConfigurationName = Release;
		};
		AA8A896B265D77900005C3BC /* Build configuration list for PBXNativeTarget "GuildedRoseLLC" */ = {
			isa = XCConfigurationList;
			buildConfigurations = (
				AA8A896C265D77900005C3BC /* Debug */,
				AA8A896D265D77900005C3BC /* Release */,
			);
			defaultConfigurationIsVisible = 0;
			defaultConfigurationName = Release;
		};
		AA8A896E265D77900005C3BC /* Build configuration list for PBXNativeTarget "GuildedRoseLLCSpec" */ = {
			isa = XCConfigurationList;
			buildConfigurations = (
				AA8A896F265D77900005C3BC /* Debug */,
				AA8A8970265D77900005C3BC /* Release */,
			);
			defaultConfigurationIsVisible = 0;
			defaultConfigurationName = Release;
		};
		AA8A8971265D77900005C3BC /* Build configuration list for PBXNativeTarget "GuildedRoseLLCUISpec" */ = {
			isa = XCConfigurationList;
			buildConfigurations = (
				AA8A8972265D77900005C3BC /* Debug */,
				AA8A8973265D77900005C3BC /* Release */,
			);
			defaultConfigurationIsVisible = 0;
			defaultConfigurationName = Release;
		};
		AA9F1CCC2661861D00FC71E0 /* Build configuration list for PBXNativeTarget "ModelsSpec" */ = {
			isa = XCConfigurationList;
			buildConfigurations = (
				AA9F1CCD2661861D00FC71E0 /* Debug */,
				AA9F1CCE2661861D00FC71E0 /* Release */,
			);
			defaultConfigurationIsVisible = 0;
			defaultConfigurationName = Release;
		};
/* End XCConfigurationList section */

/* Begin XCRemoteSwiftPackageReference section */
		AA9F1C67265E940B00FC71E0 /* XCRemoteSwiftPackageReference "Quick" */ = {
			isa = XCRemoteSwiftPackageReference;
			repositoryURL = "https://github.com/Quick/Quick";
			requirement = {
				kind = upToNextMajorVersion;
				minimumVersion = 4.0.0;
			};
		};
		AA9F1C6A265E941F00FC71E0 /* XCRemoteSwiftPackageReference "Nimble" */ = {
			isa = XCRemoteSwiftPackageReference;
			repositoryURL = "https://github.com/Quick/Nimble";
			requirement = {
				kind = upToNextMajorVersion;
				minimumVersion = 9.2.0;
			};
		};
/* End XCRemoteSwiftPackageReference section */

/* Begin XCSwiftPackageProductDependency section */
		AA9F1C68265E940B00FC71E0 /* Quick */ = {
			isa = XCSwiftPackageProductDependency;
			package = AA9F1C67265E940B00FC71E0 /* XCRemoteSwiftPackageReference "Quick" */;
			productName = Quick;
		};
		AA9F1C6E265E943A00FC71E0 /* Nimble */ = {
			isa = XCSwiftPackageProductDependency;
			package = AA9F1C6A265E941F00FC71E0 /* XCRemoteSwiftPackageReference "Nimble" */;
			productName = Nimble;
		};
		AA9F1C70265E944300FC71E0 /* Quick */ = {
			isa = XCSwiftPackageProductDependency;
			package = AA9F1C67265E940B00FC71E0 /* XCRemoteSwiftPackageReference "Quick" */;
			productName = Quick;
		};
		AA9F1C72265E944700FC71E0 /* Nimble */ = {
			isa = XCSwiftPackageProductDependency;
			package = AA9F1C6A265E941F00FC71E0 /* XCRemoteSwiftPackageReference "Nimble" */;
			productName = Nimble;
		};
/* End XCSwiftPackageProductDependency section */
	};
	rootObject = AA8A8939265D778D0005C3BC /* Project object */;
}
